// !$*UTF8*$!
{
	archiveVersion = 1;
	classes = {
	};
	objectVersion = 46;
	objects = {

/* Begin PBXBuildFile section */
		CC7678F31D61B9BB00BEA754 /* AppDelegate.swift in Sources */ = {isa = PBXBuildFile; fileRef = CC7678F21D61B9BB00BEA754 /* AppDelegate.swift */; };
		CC7678F51D61B9BB00BEA754 /* ViewController.swift in Sources */ = {isa = PBXBuildFile; fileRef = CC7678F41D61B9BB00BEA754 /* ViewController.swift */; };
		CC7678F81D61B9BB00BEA754 /* Main.storyboard in Resources */ = {isa = PBXBuildFile; fileRef = CC7678F61D61B9BB00BEA754 /* Main.storyboard */; };
		CC7678FA1D61B9BB00BEA754 /* Assets.xcassets in Resources */ = {isa = PBXBuildFile; fileRef = CC7678F91D61B9BB00BEA754 /* Assets.xcassets */; };
		CC7678FD1D61B9BB00BEA754 /* LaunchScreen.storyboard in Resources */ = {isa = PBXBuildFile; fileRef = CC7678FB1D61B9BB00BEA754 /* LaunchScreen.storyboard */; };
		CC7679051D61BEB200BEA754 /* NavigationControllerDelegate.swift in Sources */ = {isa = PBXBuildFile; fileRef = CC7679041D61BEB200BEA754 /* NavigationControllerDelegate.swift */; };
		CC7679071D61BF4C00BEA754 /* CircleTransitionAnimator.swift in Sources */ = {isa = PBXBuildFile; fileRef = CC7679061D61BF4C00BEA754 /* CircleTransitionAnimator.swift */; };
/* End PBXBuildFile section */

/* Begin PBXFileReference section */
		CC7678EF1D61B9BB00BEA754 /* CircleTransition by Swift.app */ = {isa = PBXFileReference; explicitFileType = wrapper.application; includeInIndex = 0; path = "CircleTransition by Swift.app"; sourceTree = BUILT_PRODUCTS_DIR; };
		CC7678F21D61B9BB00BEA754 /* AppDelegate.swift */ = {isa = PBXFileReference; lastKnownFileType = sourcecode.swift; path = AppDelegate.swift; sourceTree = "<group>"; };
		CC7678F41D61B9BB00BEA754 /* ViewController.swift */ = {isa = PBXFileReference; lastKnownFileType = sourcecode.swift; path = ViewController.swift; sourceTree = "<group>"; };
		CC7678F71D61B9BB00BEA754 /* Base */ = {isa = PBXFileReference; lastKnownFileType = file.storyboard; name = Base; path = Base.lproj/Main.storyboard; sourceTree = "<group>"; };
		CC7678F91D61B9BB00BEA754 /* Assets.xcassets */ = {isa = PBXFileReference; lastKnownFileType = folder.assetcatalog; path = Assets.xcassets; sourceTree = "<group>"; };
		CC7678FC1D61B9BB00BEA754 /* Base */ = {isa = PBXFileReference; lastKnownFileType = file.storyboard; name = Base; path = Base.lproj/LaunchScreen.storyboard; sourceTree = "<group>"; };
		CC7678FE1D61B9BB00BEA754 /* Info.plist */ = {isa = PBXFileReference; lastKnownFileType = text.plist.xml; path = Info.plist; sourceTree = "<group>"; };
		CC7679041D61BEB200BEA754 /* NavigationControllerDelegate.swift */ = {isa = PBXFileReference; fileEncoding = 4; lastKnownFileType = sourcecode.swift; path = NavigationControllerDelegate.swift; sourceTree = "<group>"; };
		CC7679061D61BF4C00BEA754 /* CircleTransitionAnimator.swift */ = {isa = PBXFileReference; fileEncoding = 4; lastKnownFileType = sourcecode.swift; path = CircleTransitionAnimator.swift; sourceTree = "<group>"; };
/* End PBXFileReference section */

/* Begin PBXFrameworksBuildPhase section */
		CC7678EC1D61B9BB00BEA754 /* Frameworks */ = {
			isa = PBXFrameworksBuildPhase;
			buildActionMask = 2147483647;
			files = (
			);
			runOnlyForDeploymentPostprocessing = 0;
		};
/* End PBXFrameworksBuildPhase section */

/* Begin PBXGroup section */
		CC7678E61D61B9BB00BEA754 = {
			isa = PBXGroup;
			children = (
				CC7678F11D61B9BB00BEA754 /* CircleTransition by Swift */,
				CC7678F01D61B9BB00BEA754 /* Products */,
			);
			sourceTree = "<group>";
		};
		CC7678F01D61B9BB00BEA754 /* Products */ = {
			isa = PBXGroup;
			children = (
				CC7678EF1D61B9BB00BEA754 /* CircleTransition by Swift.app */,
			);
			name = Products;
			sourceTree = "<group>";
		};
		CC7678F11D61B9BB00BEA754 /* CircleTransition by Swift */ = {
			isa = PBXGroup;
			children = (
				CC7678F21D61B9BB00BEA754 /* AppDelegate.swift */,
				CC7678F41D61B9BB00BEA754 /* ViewController.swift */,
				CC7678F61D61B9BB00BEA754 /* Main.storyboard */,
				CC7678F91D61B9BB00BEA754 /* Assets.xcassets */,
				CC7678FB1D61B9BB00BEA754 /* LaunchScreen.storyboard */,
				CC7678FE1D61B9BB00BEA754 /* Info.plist */,
				CC7679041D61BEB200BEA754 /* NavigationControllerDelegate.swift */,
				CC7679061D61BF4C00BEA754 /* CircleTransitionAnimator.swift */,
			);
			path = "CircleTransition by Swift";
			sourceTree = "<group>";
		};
/* End PBXGroup section */

/* Begin PBXNativeTarget section */
		CC7678EE1D61B9BB00BEA754 /* CircleTransition by Swift */ = {
			isa = PBXNativeTarget;
			buildConfigurationList = CC7679011D61B9BB00BEA754 /* Build configuration list for PBXNativeTarget "CircleTransition by Swift" */;
			buildPhases = (
				CC7678EB1D61B9BB00BEA754 /* Sources */,
				CC7678EC1D61B9BB00BEA754 /* Frameworks */,
				CC7678ED1D61B9BB00BEA754 /* Resources */,
			);
			buildRules = (
			);
			dependencies = (
			);
			name = "CircleTransition by Swift";
			productName = "CircleTransition by Swift";
			productReference = CC7678EF1D61B9BB00BEA754 /* CircleTransition by Swift.app */;
			productType = "com.apple.product-type.application";
		};
/* End PBXNativeTarget section */

/* Begin PBXProject section */
		CC7678E71D61B9BB00BEA754 /* Project object */ = {
			isa = PBXProject;
			attributes = {
				LastSwiftUpdateCheck = 0730;
				LastUpgradeCheck = 0730;
				ORGANIZATIONNAME = Vaith;
				TargetAttributes = {
					CC7678EE1D61B9BB00BEA754 = {
						CreatedOnToolsVersion = 7.3.1;
					};
				};
			};
			buildConfigurationList = CC7678EA1D61B9BB00BEA754 /* Build configuration list for PBXProject "CircleTransition by Swift" */;
			compatibilityVersion = "Xcode 3.2";
			developmentRegion = English;
			hasScannedForEncodings = 0;
			knownRegions = (
				en,
				Base,
			);
			mainGroup = CC7678E61D61B9BB00BEA754;
			productRefGroup = CC7678F01D61B9BB00BEA754 /* Products */;
			projectDirPath = "";
			projectRoot = "";
			targets = (
				CC7678EE1D61B9BB00BEA754 /* CircleTransition by Swift */,
			);
		};
/* End PBXProject section */

/* Begin PBXResourcesBuildPhase section */
		CC7678ED1D61B9BB00BEA754 /* Resources */ = {
			isa = PBXResourcesBuildPhase;
			buildActionMask = 2147483647;
			files = (
				CC7678FD1D61B9BB00BEA754 /* LaunchScreen.storyboard in Resources */,
				CC7678FA1D61B9BB00BEA754 /* Assets.xcassets in Resources */,
				CC7678F81D61B9BB00BEA754 /* Main.storyboard in Resources */,
			);
			runOnlyForDeploymentPostprocessing = 0;
		};
/* End PBXResourcesBuildPhase section */

/* Begin PBXSourcesBuildPhase section */
		CC7678EB1D61B9BB00BEA754 /* Sources */ = {
			isa = PBXSourcesBuildPhase;
			buildActionMask = 2147483647;
			files = (
				CC7678F51D61B9BB00BEA754 /* ViewController.swift in Sources */,
				CC7679071D61BF4C00BEA754 /* CircleTransitionAnimator.swift in Sources */,
				CC7679051D61BEB200BEA754 /* NavigationControllerDelegate.swift in Sources */,
				CC7678F31D61B9BB00BEA754 /* AppDelegate.swift in Sources */,
			);
			runOnlyForDeploymentPostprocessing = 0;
		};
/* End PBXSourcesBuildPhase section */

/* Begin PBXVariantGroup section */
		CC7678F61D61B9BB00BEA754 /* Main.storyboard */ = {
			isa = PBXVariantGroup;
			children = (
				CC7678F71D61B9BB00BEA754 /* Base */,
			);
			name = Main.storyboard;
			sourceTree = "<group>";
		};
		CC7678FB1D61B9BB00BEA754 /* LaunchScreen.storyboard */ = {
			isa = PBXVariantGroup;
			children = (
				CC7678FC1D61B9BB00BEA754 /* Base */,
			);
			name = LaunchScreen.storyboard;
			sourceTree = "<group>";
		};
/* End PBXVariantGroup section */

/* Begin XCBuildConfiguration section */
		CC7678FF1D61B9BB00BEA754 /* Debug */ = {
			isa = XCBuildConfiguration;
			buildSettings = {
				ALWAYS_SEARCH_USER_PATHS = NO;
				CLANG_ANALYZER_NONNULL = YES;
				CLANG_CXX_LANGUAGE_STANDARD = "gnu++0x";
				CLANG_CXX_LIBRARY = "libc++";
				CLANG_ENABLE_MODULES = YES;
				CLANG_ENABLE_OBJC_ARC = YES;
				CLANG_WARN_BOOL_CONVERSION = YES;
				CLANG_WARN_CONSTANT_CONVERSION = YES;
				CLANG_WARN_DIRECT_OBJC_ISA_USAGE = YES_ERROR;
				CLANG_WARN_EMPTY_BODY = YES;
				CLANG_WARN_ENUM_CONVERSION = YES;
				CLANG_WARN_INT_CONVERSION = YES;
				CLANG_WARN_OBJC_ROOT_CLASS = YES_ERROR;
				CLANG_WARN_UNREACHABLE_CODE = YES;
				CLANG_WARN__DUPLICATE_METHOD_MATCH = YES;
				"CODE_SIGN_IDENTITY[sdk=iphoneos*]" = "iPhone Developer";
				COPY_PHASE_STRIP = NO;
				DEBUG_INFORMATION_FORMAT = dwarf;
				ENABLE_STRICT_OBJC_MSGSEND = YES;
				ENABLE_TESTABILITY = YES;
				GCC_C_LANGUAGE_STANDARD = gnu99;
				GCC_DYNAMIC_NO_PIC = NO;
				GCC_NO_COMMON_BLOCKS = YES;
				GCC_OPTIMIZATION_LEVEL = 0;
				GCC_PREPROCESSOR_DEFINITIONS = (
					"DEBUG=1",
					"$(inherited)",
				);
				GCC_WARN_64_TO_32_BIT_CONVERSION = YES;
				GCC_WARN_ABOUT_RETURN_TYPE = YES_ERROR;
				GCC_WARN_UNDECLARED_SELECTOR = YES;
				GCC_WARN_UNINITIALIZED_AUTOS = YES_AGGRESSIVE;
				GCC_WARN_UNUSED_FUNCTION = YES;
				GCC_WARN_UNUSED_VARIABLE = YES;
				IPHONEOS_DEPLOYMENT_TARGET = 9.3;
				MTL_ENABLE_DEBUG_INFO = YES;
				ONLY_ACTIVE_ARCH = YES;
				SDKROOT = iphoneos;
				SWIFT_OPTIMIZATION_LEVEL = "-Onone";
			};
			name = Debug;
		};
		CC7679001D61B9BB00BEA754 /* Release */ = {
			isa = XCBuildConfiguration;
			buildSettings = {
				ALWAYS_SEARCH_USER_PATHS = NO;
				CLANG_ANALYZER_NONNULL = YES;
				CLANG_CXX_LANGUAGE_STANDARD = "gnu++0x";
				CLANG_CXX_LIBRARY = "libc++";
				CLANG_ENABLE_MODULES = YES;
				CLANG_ENABLE_OBJC_ARC = YES;
				CLANG_WARN_BOOL_CONVERSION = YES;
				CLANG_WARN_CONSTANT_CONVERSION = YES;
				CLANG_WARN_DIRECT_OBJC_ISA_USAGE = YES_ERROR;
				CLANG_WARN_EMPTY_BODY = YES;
				CLANG_WARN_ENUM_CONVERSION = YES;
				CLANG_WARN_INT_CONVERSION = YES;
				CLANG_WARN_OBJC_ROOT_CLASS = YES_ERROR;
				CLANG_WARN_UNREACHABLE_CODE = YES;
				CLANG_WARN__DUPLICATE_METHOD_MATCH = YES;
				"CODE_SIGN_IDENTITY[sdk=iphoneos*]" = "iPhone Developer";
				COPY_PHASE_STRIP = NO;
				DEBUG_INFORMATION_FORMAT = "dwarf-with-dsym";
				ENABLE_NS_ASSERTIONS = NO;
				ENABLE_STRICT_OBJC_MSGSEND = YES;
				GCC_C_LANGUAGE_STANDARD = gnu99;
				GCC_NO_COMMON_BLOCKS = YES;
				GCC_WARN_64_TO_32_BIT_CONVERSION = YES;
				GCC_WARN_ABOUT_RETURN_TYPE = YES_ERROR;
				GCC_WARN_UNDECLARED_SELECTOR = YES;
				GCC_WARN_UNINITIALIZED_AUTOS = YES_AGGRESSIVE;
				GCC_WARN_UNUSED_FUNCTION = YES;
				GCC_WARN_UNUSED_VARIABLE = YES;
				IPHONEOS_DEPLOYMENT_TARGET = 9.3;
				MTL_ENABLE_DEBUG_INFO = NO;
				SDKROOT = iphoneos;
				VALIDATE_PRODUCT = YES;
			};
			name = Release;
		};
		CC7679021D61B9BB00BEA754 /* Debug */ = {
			isa = XCBuildConfiguration;
			buildSettings = {
				ASSETCATALOG_COMPILER_APPICON_NAME = AppIcon;
				INFOPLIST_FILE = "CircleTransition by Swift/Info.plist";
				LD_RUNPATH_SEARCH_PATHS = "$(inherited) @executable_path/Frameworks";
				PRODUCT_BUNDLE_IDENTIFIER = "xyz.vaith.CircleTransition-by-Swift";
				PRODUCT_NAME = "$(TARGET_NAME)";
			};
			name = Debug;
		};
		CC7679031D61B9BB00BEA754 /* Release */ = {
			isa = XCBuildConfiguration;
			buildSettings = {
				ASSETCATALOG_COMPILER_APPICON_NAME = AppIcon;
				INFOPLIST_FILE = "CircleTransition by Swift/Info.plist";
				LD_RUNPATH_SEARCH_PATHS = "$(inherited) @executable_path/Frameworks";
				PRODUCT_BUNDLE_IDENTIFIER = "xyz.vaith.CircleTransition-by-Swift";
				PRODUCT_NAME = "$(TARGET_NAME)";
			};
			name = Release;
		};
/* End XCBuildConfiguration section */

/* Begin XCConfigurationList section */
		CC7678EA1D61B9BB00BEA754 /* Build configuration list for PBXProject "CircleTransition by Swift" */ = {
			isa = XCConfigurationList;
			buildConfigurations = (
				CC7678FF1D61B9BB00BEA754 /* Debug */,
				CC7679001D61B9BB00BEA754 /* Release */,
			);
			defaultConfigurationIsVisible = 0;
			defaultConfigurationName = Release;
		};
		CC7679011D61B9BB00BEA754 /* Build configuration list for PBXNativeTarget "CircleTransition by Swift" */ = {
			isa = XCConfigurationList;
			buildConfigurations = (
				CC7679021D61B9BB00BEA754 /* Debug */,
				CC7679031D61B9BB00BEA754 /* Release */,
			);
			defaultConfigurationIsVisible = 0;
		};
/* End XCConfigurationList section */
	};
	rootObject = CC7678E71D61B9BB00BEA754 /* Project object */;
}
