// !$*UTF8*$!
{
	archiveVersion = 1;
	classes = {
	};
	objectVersion = 46;
	objects = {

/* Begin PBXBuildFile section */
		C506195A1CE4356C002F6EAE /* OCView.m in Sources */ = {isa = PBXBuildFile; fileRef = C50619591CE4356C002F6EAE /* OCView.m */; };
		C506195C1CE435ED002F6EAE /* Objective-C-To-Swift-ViewController.swift in Sources */ = {isa = PBXBuildFile; fileRef = C506195B1CE435ED002F6EAE /* Objective-C-To-Swift-ViewController.swift */; };
		C506195E1CE45436002F6EAE /* EventKit-ViewController.swift in Sources */ = {isa = PBXBuildFile; fileRef = C506195D1CE45436002F6EAE /* EventKit-ViewController.swift */; };
		C50619601CE45833002F6EAE /* UIAlertController-ViewController.swift in Sources */ = {isa = PBXBuildFile; fileRef = C506195F1CE45833002F6EAE /* UIAlertController-ViewController.swift */; };
		C50619621CE45EF0002F6EAE /* NSJSONSerialization-ViewController.swift in Sources */ = {isa = PBXBuildFile; fileRef = C50619611CE45EF0002F6EAE /* NSJSONSerialization-ViewController.swift */; };
		C50619641CE46206002F6EAE /* FactoryClass-ViewController.swift in Sources */ = {isa = PBXBuildFile; fileRef = C50619631CE46206002F6EAE /* FactoryClass-ViewController.swift */; };
		C50619661CE462F0002F6EAE /* Animation-ViewController.swift in Sources */ = {isa = PBXBuildFile; fileRef = C50619651CE462F0002F6EAE /* Animation-ViewController.swift */; };
		C50619681CE466B9002F6EAE /* NSUserDefaults-ViewController.swift in Sources */ = {isa = PBXBuildFile; fileRef = C50619671CE466B9002F6EAE /* NSUserDefaults-ViewController.swift */; };
		C506196A1CE4675E002F6EAE /* NSURL_ViewController.swift in Sources */ = {isa = PBXBuildFile; fileRef = C50619691CE4675E002F6EAE /* NSURL_ViewController.swift */; };
		C506196C1CE47269002F6EAE /* UITouch_ViewController.swift in Sources */ = {isa = PBXBuildFile; fileRef = C506196B1CE47269002F6EAE /* UITouch_ViewController.swift */; };
		C512AD7C1CE3335C00BE88C1 /* UIActivityView-ViewController.swift in Sources */ = {isa = PBXBuildFile; fileRef = C512AD7B1CE3335C00BE88C1 /* UIActivityView-ViewController.swift */; };
		C52AF8101CFC192C0077E9A9 /* XIb-ViewController.swift in Sources */ = {isa = PBXBuildFile; fileRef = C52AF80F1CFC192C0077E9A9 /* XIb-ViewController.swift */; };
		C52AF8131CFC1A630077E9A9 /* XibDetailViewController.swift in Sources */ = {isa = PBXBuildFile; fileRef = C52AF8111CFC1A630077E9A9 /* XibDetailViewController.swift */; };
		C52AF8141CFC1A630077E9A9 /* XibDetailViewController.xib in Resources */ = {isa = PBXBuildFile; fileRef = C52AF8121CFC1A630077E9A9 /* XibDetailViewController.xib */; };
		C52AF8161CFC1C430077E9A9 /* NSURLConnectionAsyn-ViewController.swift in Sources */ = {isa = PBXBuildFile; fileRef = C52AF8151CFC1C430077E9A9 /* NSURLConnectionAsyn-ViewController.swift */; };
		C52AF8181CFC1CCA0077E9A9 /* HttpController.swift in Sources */ = {isa = PBXBuildFile; fileRef = C52AF8171CFC1CCA0077E9A9 /* HttpController.swift */; };
		C52AF81A1CFC21710077E9A9 /* WillDisplayCell-TableViewController.swift in Sources */ = {isa = PBXBuildFile; fileRef = C52AF8191CFC21710077E9A9 /* WillDisplayCell-TableViewController.swift */; };
		C52AF81C1CFC23370077E9A9 /* MediaPlayer-ViewController.swift in Sources */ = {isa = PBXBuildFile; fileRef = C52AF81B1CFC23370077E9A9 /* MediaPlayer-ViewController.swift */; };
		C52AF81E1CFC34500077E9A9 /* StaticCells-TableViewController.swift in Sources */ = {isa = PBXBuildFile; fileRef = C52AF81D1CFC34500077E9A9 /* StaticCells-TableViewController.swift */; };
		C52AF8201CFC38490077E9A9 /* UILocalNotification-ViewController.swift in Sources */ = {isa = PBXBuildFile; fileRef = C52AF81F1CFC38490077E9A9 /* UILocalNotification-ViewController.swift */; };
		C536C0D91CE03088002AFE83 /* UIStepper-ViewController.swift in Sources */ = {isa = PBXBuildFile; fileRef = C536C0D81CE03088002AFE83 /* UIStepper-ViewController.swift */; };
		C536C0DB1CE0369F002AFE83 /* UIScrollView-ViewController.swift in Sources */ = {isa = PBXBuildFile; fileRef = C536C0DA1CE0369F002AFE83 /* UIScrollView-ViewController.swift */; };
		C536C0DD1CE03A08002AFE83 /* UIScrollViewPage-ViewController.swift in Sources */ = {isa = PBXBuildFile; fileRef = C536C0DC1CE03A08002AFE83 /* UIScrollViewPage-ViewController.swift */; };
		C536C0DF1CE0428E002AFE83 /* CoreMotion-ViewController.swift in Sources */ = {isa = PBXBuildFile; fileRef = C536C0DE1CE0428E002AFE83 /* CoreMotion-ViewController.swift */; };
		C536C0E11CE06991002AFE83 /* UIGestureRecognizer-ViewController.swift in Sources */ = {isa = PBXBuildFile; fileRef = C536C0E01CE06991002AFE83 /* UIGestureRecognizer-ViewController.swift */; };
		C536C0E31CE07596002AFE83 /* UIDatePicker-ViewController.swift in Sources */ = {isa = PBXBuildFile; fileRef = C536C0E21CE07596002AFE83 /* UIDatePicker-ViewController.swift */; };
		C536C0E51CE08E0B002AFE83 /* UIDatePickerCountDown-ViewController.swift in Sources */ = {isa = PBXBuildFile; fileRef = C536C0E41CE08E0B002AFE83 /* UIDatePickerCountDown-ViewController.swift */; };
		C549D25E1CE1BB3800BC7A5E /* UIWebView-ViewController.swift in Sources */ = {isa = PBXBuildFile; fileRef = C549D25D1CE1BB3800BC7A5E /* UIWebView-ViewController.swift */; };
		C549D2601CE1C08400BC7A5E /* test.pdf in Resources */ = {isa = PBXBuildFile; fileRef = C549D25F1CE1C08400BC7A5E /* test.pdf */; };
		C549D2621CE1C2EF00BC7A5E /* Browser-ViewController.swift in Sources */ = {isa = PBXBuildFile; fileRef = C549D2611CE1C2EF00BC7A5E /* Browser-ViewController.swift */; };
		C54F1EC71CE3225C00E84AAE /* UICollectionViewSimple-CollectionViewController.swift in Sources */ = {isa = PBXBuildFile; fileRef = C54F1EC61CE3225C00E84AAE /* UICollectionViewSimple-CollectionViewController.swift */; };
		C54F1EC91CE32BBC00E84AAE /* UITabBar-ViewController.swift in Sources */ = {isa = PBXBuildFile; fileRef = C54F1EC81CE32BBC00E84AAE /* UITabBar-ViewController.swift */; };
		C54F1ECB1CE32E0300E84AAE /* UIPageControl-ViewController.swift in Sources */ = {isa = PBXBuildFile; fileRef = C54F1ECA1CE32E0300E84AAE /* UIPageControl-ViewController.swift */; };
		C5A2088D1CF83048009B55DE /* UIActivityIndicatorView-ViewController.swift in Sources */ = {isa = PBXBuildFile; fileRef = C5A2088C1CF83048009B55DE /* UIActivityIndicatorView-ViewController.swift */; };
		C5A2088F1CF83213009B55DE /* UINavigationBar-ViewController.swift in Sources */ = {isa = PBXBuildFile; fileRef = C5A2088E1CF83213009B55DE /* UINavigationBar-ViewController.swift */; };
		C5A8EF8E1CE30C2600D6C02D /* Controls.plist in Resources */ = {isa = PBXBuildFile; fileRef = C5A8EF8D1CE30C2600D6C02D /* Controls.plist */; };
		C5A8EF901CE30C4E00D6C02D /* UITableView-ViewController.swift in Sources */ = {isa = PBXBuildFile; fileRef = C5A8EF8F1CE30C4E00D6C02D /* UITableView-ViewController.swift */; };
		C5A8EF921CE3116400D6C02D /* UISearchBar-ViewController.swift in Sources */ = {isa = PBXBuildFile; fileRef = C5A8EF911CE3116400D6C02D /* UISearchBar-ViewController.swift */; };
		C5A8EF941CE3174600D6C02D /* UISearchDisplayController-ViewController.swift in Sources */ = {isa = PBXBuildFile; fileRef = C5A8EF931CE3174600D6C02D /* UISearchDisplayController-ViewController.swift */; };
		C5D806931CFEC233008219F5 /* TableViewEdit-ViewController.swift in Sources */ = {isa = PBXBuildFile; fileRef = C5D806921CFEC233008219F5 /* TableViewEdit-ViewController.swift */; };
		C5E697291CFEC68500BE39E5 /* TableHeaderAndFooterView_ViewController.swift in Sources */ = {isa = PBXBuildFile; fileRef = C5E697281CFEC68500BE39E5 /* TableHeaderAndFooterView_ViewController.swift */; };
		C5E6972B1CFECD0E00BE39E5 /* UIImagePickerController-ViewController.swift in Sources */ = {isa = PBXBuildFile; fileRef = C5E6972A1CFECD0E00BE39E5 /* UIImagePickerController-ViewController.swift */; };
		C5E6972D1CFED1E900BE39E5 /* NSURLSession-ViewController.swift in Sources */ = {isa = PBXBuildFile; fileRef = C5E6972C1CFED1E900BE39E5 /* NSURLSession-ViewController.swift */; };
		C5E6972F1CFEE0ED00BE39E5 /* DeviceDirection-ViewController.swift in Sources */ = {isa = PBXBuildFile; fileRef = C5E6972E1CFEE0ED00BE39E5 /* DeviceDirection-ViewController.swift */; };
		CC08088D1CFF314B00792179 /* Shake-ViewController.swift in Sources */ = {isa = PBXBuildFile; fileRef = CC08088C1CFF314B00792179 /* Shake-ViewController.swift */; };
		CC08088F1CFF39A800792179 /* CoreLocation-ViewController.swift in Sources */ = {isa = PBXBuildFile; fileRef = CC08088E1CFF39A800792179 /* CoreLocation-ViewController.swift */; };
		CCC9BCB91CDDBD05004E549E /* AppDelegate.swift in Sources */ = {isa = PBXBuildFile; fileRef = CCC9BCB81CDDBD05004E549E /* AppDelegate.swift */; };
		CCC9BCBB1CDDBD05004E549E /* ViewController.swift in Sources */ = {isa = PBXBuildFile; fileRef = CCC9BCBA1CDDBD05004E549E /* ViewController.swift */; };
		CCC9BCBE1CDDBD05004E549E /* Main.storyboard in Resources */ = {isa = PBXBuildFile; fileRef = CCC9BCBC1CDDBD05004E549E /* Main.storyboard */; };
		CCC9BCC01CDDBD05004E549E /* Assets.xcassets in Resources */ = {isa = PBXBuildFile; fileRef = CCC9BCBF1CDDBD05004E549E /* Assets.xcassets */; };
		CCC9BCC31CDDBD05004E549E /* LaunchScreen.storyboard in Resources */ = {isa = PBXBuildFile; fileRef = CCC9BCC11CDDBD05004E549E /* LaunchScreen.storyboard */; };
		CCC9BCCB1CDDBE30004E549E /* UIAlertView-ViewController.swift in Sources */ = {isa = PBXBuildFile; fileRef = CCC9BCCA1CDDBE30004E549E /* UIAlertView-ViewController.swift */; };
		CCC9BCD11CDDC692004E549E /* UIActionSheet-ViewController.swift in Sources */ = {isa = PBXBuildFile; fileRef = CCC9BCD01CDDC692004E549E /* UIActionSheet-ViewController.swift */; };
		CCC9BCD31CDDC7CD004E549E /* UIPickerView-ViewController.swift in Sources */ = {isa = PBXBuildFile; fileRef = CCC9BCD21CDDC7CD004E549E /* UIPickerView-ViewController.swift */; };
/* End PBXBuildFile section */

/* Begin PBXFileReference section */
		C50619571CE4356C002F6EAE /* Learning Base UIKit By Swift-Bridging-Header.h */ = {isa = PBXFileReference; lastKnownFileType = sourcecode.c.h; path = "Learning Base UIKit By Swift-Bridging-Header.h"; sourceTree = "<group>"; };
		C50619581CE4356C002F6EAE /* OCView.h */ = {isa = PBXFileReference; fileEncoding = 4; lastKnownFileType = sourcecode.c.h; path = OCView.h; sourceTree = "<group>"; };
		C50619591CE4356C002F6EAE /* OCView.m */ = {isa = PBXFileReference; fileEncoding = 4; lastKnownFileType = sourcecode.c.objc; path = OCView.m; sourceTree = "<group>"; };
		C506195B1CE435ED002F6EAE /* Objective-C-To-Swift-ViewController.swift */ = {isa = PBXFileReference; fileEncoding = 4; lastKnownFileType = sourcecode.swift; path = "Objective-C-To-Swift-ViewController.swift"; sourceTree = "<group>"; };
		C506195D1CE45436002F6EAE /* EventKit-ViewController.swift */ = {isa = PBXFileReference; fileEncoding = 4; lastKnownFileType = sourcecode.swift; path = "EventKit-ViewController.swift"; sourceTree = "<group>"; };
		C506195F1CE45833002F6EAE /* UIAlertController-ViewController.swift */ = {isa = PBXFileReference; fileEncoding = 4; lastKnownFileType = sourcecode.swift; path = "UIAlertController-ViewController.swift"; sourceTree = "<group>"; };
		C50619611CE45EF0002F6EAE /* NSJSONSerialization-ViewController.swift */ = {isa = PBXFileReference; fileEncoding = 4; lastKnownFileType = sourcecode.swift; path = "NSJSONSerialization-ViewController.swift"; sourceTree = "<group>"; };
		C50619631CE46206002F6EAE /* FactoryClass-ViewController.swift */ = {isa = PBXFileReference; fileEncoding = 4; lastKnownFileType = sourcecode.swift; path = "FactoryClass-ViewController.swift"; sourceTree = "<group>"; };
		C50619651CE462F0002F6EAE /* Animation-ViewController.swift */ = {isa = PBXFileReference; fileEncoding = 4; lastKnownFileType = sourcecode.swift; path = "Animation-ViewController.swift"; sourceTree = "<group>"; };
		C50619671CE466B9002F6EAE /* NSUserDefaults-ViewController.swift */ = {isa = PBXFileReference; fileEncoding = 4; lastKnownFileType = sourcecode.swift; path = "NSUserDefaults-ViewController.swift"; sourceTree = "<group>"; };
		C50619691CE4675E002F6EAE /* NSURL_ViewController.swift */ = {isa = PBXFileReference; fileEncoding = 4; lastKnownFileType = sourcecode.swift; path = NSURL_ViewController.swift; sourceTree = "<group>"; };
		C506196B1CE47269002F6EAE /* UITouch_ViewController.swift */ = {isa = PBXFileReference; fileEncoding = 4; lastKnownFileType = sourcecode.swift; path = UITouch_ViewController.swift; sourceTree = "<group>"; };
		C512AD7B1CE3335C00BE88C1 /* UIActivityView-ViewController.swift */ = {isa = PBXFileReference; fileEncoding = 4; lastKnownFileType = sourcecode.swift; path = "UIActivityView-ViewController.swift"; sourceTree = "<group>"; };
		C52AF80F1CFC192C0077E9A9 /* XIb-ViewController.swift */ = {isa = PBXFileReference; fileEncoding = 4; lastKnownFileType = sourcecode.swift; path = "XIb-ViewController.swift"; sourceTree = "<group>"; };
		C52AF8111CFC1A630077E9A9 /* XibDetailViewController.swift */ = {isa = PBXFileReference; fileEncoding = 4; lastKnownFileType = sourcecode.swift; path = XibDetailViewController.swift; sourceTree = "<group>"; };
		C52AF8121CFC1A630077E9A9 /* XibDetailViewController.xib */ = {isa = PBXFileReference; fileEncoding = 4; lastKnownFileType = file.xib; path = XibDetailViewController.xib; sourceTree = "<group>"; };
		C52AF8151CFC1C430077E9A9 /* NSURLConnectionAsyn-ViewController.swift */ = {isa = PBXFileReference; fileEncoding = 4; lastKnownFileType = sourcecode.swift; path = "NSURLConnectionAsyn-ViewController.swift"; sourceTree = "<group>"; };
		C52AF8171CFC1CCA0077E9A9 /* HttpController.swift */ = {isa = PBXFileReference; fileEncoding = 4; lastKnownFileType = sourcecode.swift; path = HttpController.swift; sourceTree = "<group>"; };
		C52AF8191CFC21710077E9A9 /* WillDisplayCell-TableViewController.swift */ = {isa = PBXFileReference; fileEncoding = 4; lastKnownFileType = sourcecode.swift; path = "WillDisplayCell-TableViewController.swift"; sourceTree = "<group>"; };
		C52AF81B1CFC23370077E9A9 /* MediaPlayer-ViewController.swift */ = {isa = PBXFileReference; fileEncoding = 4; lastKnownFileType = sourcecode.swift; path = "MediaPlayer-ViewController.swift"; sourceTree = "<group>"; };
		C52AF81D1CFC34500077E9A9 /* StaticCells-TableViewController.swift */ = {isa = PBXFileReference; fileEncoding = 4; lastKnownFileType = sourcecode.swift; path = "StaticCells-TableViewController.swift"; sourceTree = "<group>"; };
		C52AF81F1CFC38490077E9A9 /* UILocalNotification-ViewController.swift */ = {isa = PBXFileReference; fileEncoding = 4; lastKnownFileType = sourcecode.swift; path = "UILocalNotification-ViewController.swift"; sourceTree = "<group>"; };
		C536C0D81CE03088002AFE83 /* UIStepper-ViewController.swift */ = {isa = PBXFileReference; fileEncoding = 4; lastKnownFileType = sourcecode.swift; path = "UIStepper-ViewController.swift"; sourceTree = "<group>"; };
		C536C0DA1CE0369F002AFE83 /* UIScrollView-ViewController.swift */ = {isa = PBXFileReference; fileEncoding = 4; lastKnownFileType = sourcecode.swift; path = "UIScrollView-ViewController.swift"; sourceTree = "<group>"; };
		C536C0DC1CE03A08002AFE83 /* UIScrollViewPage-ViewController.swift */ = {isa = PBXFileReference; fileEncoding = 4; lastKnownFileType = sourcecode.swift; path = "UIScrollViewPage-ViewController.swift"; sourceTree = "<group>"; };
		C536C0DE1CE0428E002AFE83 /* CoreMotion-ViewController.swift */ = {isa = PBXFileReference; fileEncoding = 4; lastKnownFileType = sourcecode.swift; path = "CoreMotion-ViewController.swift"; sourceTree = "<group>"; };
		C536C0E01CE06991002AFE83 /* UIGestureRecognizer-ViewController.swift */ = {isa = PBXFileReference; fileEncoding = 4; lastKnownFileType = sourcecode.swift; path = "UIGestureRecognizer-ViewController.swift"; sourceTree = "<group>"; };
		C536C0E21CE07596002AFE83 /* UIDatePicker-ViewController.swift */ = {isa = PBXFileReference; fileEncoding = 4; lastKnownFileType = sourcecode.swift; path = "UIDatePicker-ViewController.swift"; sourceTree = "<group>"; };
		C536C0E41CE08E0B002AFE83 /* UIDatePickerCountDown-ViewController.swift */ = {isa = PBXFileReference; fileEncoding = 4; lastKnownFileType = sourcecode.swift; path = "UIDatePickerCountDown-ViewController.swift"; sourceTree = "<group>"; };
		C549D25D1CE1BB3800BC7A5E /* UIWebView-ViewController.swift */ = {isa = PBXFileReference; fileEncoding = 4; lastKnownFileType = sourcecode.swift; path = "UIWebView-ViewController.swift"; sourceTree = "<group>"; };
		C549D25F1CE1C08400BC7A5E /* test.pdf */ = {isa = PBXFileReference; lastKnownFileType = image.pdf; path = test.pdf; sourceTree = "<group>"; };
		C549D2611CE1C2EF00BC7A5E /* Browser-ViewController.swift */ = {isa = PBXFileReference; fileEncoding = 4; lastKnownFileType = sourcecode.swift; path = "Browser-ViewController.swift"; sourceTree = "<group>"; };
		C54F1EC61CE3225C00E84AAE /* UICollectionViewSimple-CollectionViewController.swift */ = {isa = PBXFileReference; fileEncoding = 4; lastKnownFileType = sourcecode.swift; path = "UICollectionViewSimple-CollectionViewController.swift"; sourceTree = "<group>"; };
		C54F1EC81CE32BBC00E84AAE /* UITabBar-ViewController.swift */ = {isa = PBXFileReference; fileEncoding = 4; lastKnownFileType = sourcecode.swift; path = "UITabBar-ViewController.swift"; sourceTree = "<group>"; };
		C54F1ECA1CE32E0300E84AAE /* UIPageControl-ViewController.swift */ = {isa = PBXFileReference; fileEncoding = 4; lastKnownFileType = sourcecode.swift; path = "UIPageControl-ViewController.swift"; sourceTree = "<group>"; };
		C5A2088C1CF83048009B55DE /* UIActivityIndicatorView-ViewController.swift */ = {isa = PBXFileReference; fileEncoding = 4; lastKnownFileType = sourcecode.swift; path = "UIActivityIndicatorView-ViewController.swift"; sourceTree = "<group>"; };
		C5A2088E1CF83213009B55DE /* UINavigationBar-ViewController.swift */ = {isa = PBXFileReference; fileEncoding = 4; lastKnownFileType = sourcecode.swift; path = "UINavigationBar-ViewController.swift"; sourceTree = "<group>"; };
		C5A8EF8D1CE30C2600D6C02D /* Controls.plist */ = {isa = PBXFileReference; fileEncoding = 4; lastKnownFileType = text.plist.xml; path = Controls.plist; sourceTree = "<group>"; };
		C5A8EF8F1CE30C4E00D6C02D /* UITableView-ViewController.swift */ = {isa = PBXFileReference; fileEncoding = 4; lastKnownFileType = sourcecode.swift; path = "UITableView-ViewController.swift"; sourceTree = "<group>"; };
		C5A8EF911CE3116400D6C02D /* UISearchBar-ViewController.swift */ = {isa = PBXFileReference; fileEncoding = 4; lastKnownFileType = sourcecode.swift; path = "UISearchBar-ViewController.swift"; sourceTree = "<group>"; };
		C5A8EF931CE3174600D6C02D /* UISearchDisplayController-ViewController.swift */ = {isa = PBXFileReference; fileEncoding = 4; lastKnownFileType = sourcecode.swift; path = "UISearchDisplayController-ViewController.swift"; sourceTree = "<group>"; };
		C5D806921CFEC233008219F5 /* TableViewEdit-ViewController.swift */ = {isa = PBXFileReference; fileEncoding = 4; lastKnownFileType = sourcecode.swift; path = "TableViewEdit-ViewController.swift"; sourceTree = "<group>"; };
		C5E697281CFEC68500BE39E5 /* TableHeaderAndFooterView_ViewController.swift */ = {isa = PBXFileReference; fileEncoding = 4; lastKnownFileType = sourcecode.swift; path = TableHeaderAndFooterView_ViewController.swift; sourceTree = "<group>"; };
		C5E6972A1CFECD0E00BE39E5 /* UIImagePickerController-ViewController.swift */ = {isa = PBXFileReference; fileEncoding = 4; lastKnownFileType = sourcecode.swift; path = "UIImagePickerController-ViewController.swift"; sourceTree = "<group>"; };
		C5E6972C1CFED1E900BE39E5 /* NSURLSession-ViewController.swift */ = {isa = PBXFileReference; fileEncoding = 4; lastKnownFileType = sourcecode.swift; path = "NSURLSession-ViewController.swift"; sourceTree = "<group>"; };
		C5E6972E1CFEE0ED00BE39E5 /* DeviceDirection-ViewController.swift */ = {isa = PBXFileReference; fileEncoding = 4; lastKnownFileType = sourcecode.swift; path = "DeviceDirection-ViewController.swift"; sourceTree = "<group>"; };
		CC08088C1CFF314B00792179 /* Shake-ViewController.swift */ = {isa = PBXFileReference; fileEncoding = 4; lastKnownFileType = sourcecode.swift; path = "Shake-ViewController.swift"; sourceTree = "<group>"; };
		CC08088E1CFF39A800792179 /* CoreLocation-ViewController.swift */ = {isa = PBXFileReference; fileEncoding = 4; lastKnownFileType = sourcecode.swift; path = "CoreLocation-ViewController.swift"; sourceTree = "<group>"; };
		CCC9BCB51CDDBD05004E549E /* Learning Base UIKit By Swift.app */ = {isa = PBXFileReference; explicitFileType = wrapper.application; includeInIndex = 0; path = "Learning Base UIKit By Swift.app"; sourceTree = BUILT_PRODUCTS_DIR; };
		CCC9BCB81CDDBD05004E549E /* AppDelegate.swift */ = {isa = PBXFileReference; lastKnownFileType = sourcecode.swift; path = AppDelegate.swift; sourceTree = "<group>"; };
		CCC9BCBA1CDDBD05004E549E /* ViewController.swift */ = {isa = PBXFileReference; lastKnownFileType = sourcecode.swift; path = ViewController.swift; sourceTree = "<group>"; };
		CCC9BCBD1CDDBD05004E549E /* Base */ = {isa = PBXFileReference; lastKnownFileType = file.storyboard; name = Base; path = Base.lproj/Main.storyboard; sourceTree = "<group>"; };
		CCC9BCBF1CDDBD05004E549E /* Assets.xcassets */ = {isa = PBXFileReference; lastKnownFileType = folder.assetcatalog; path = Assets.xcassets; sourceTree = "<group>"; };
		CCC9BCC21CDDBD05004E549E /* Base */ = {isa = PBXFileReference; lastKnownFileType = file.storyboard; name = Base; path = Base.lproj/LaunchScreen.storyboard; sourceTree = "<group>"; };
		CCC9BCC41CDDBD05004E549E /* Info.plist */ = {isa = PBXFileReference; lastKnownFileType = text.plist.xml; path = Info.plist; sourceTree = "<group>"; };
		CCC9BCCA1CDDBE30004E549E /* UIAlertView-ViewController.swift */ = {isa = PBXFileReference; fileEncoding = 4; lastKnownFileType = sourcecode.swift; path = "UIAlertView-ViewController.swift"; sourceTree = "<group>"; };
		CCC9BCD01CDDC692004E549E /* UIActionSheet-ViewController.swift */ = {isa = PBXFileReference; fileEncoding = 4; lastKnownFileType = sourcecode.swift; path = "UIActionSheet-ViewController.swift"; sourceTree = "<group>"; };
		CCC9BCD21CDDC7CD004E549E /* UIPickerView-ViewController.swift */ = {isa = PBXFileReference; fileEncoding = 4; lastKnownFileType = sourcecode.swift; path = "UIPickerView-ViewController.swift"; sourceTree = "<group>"; };
/* End PBXFileReference section */

/* Begin PBXFrameworksBuildPhase section */
		CCC9BCB21CDDBD05004E549E /* Frameworks */ = {
			isa = PBXFrameworksBuildPhase;
			buildActionMask = 2147483647;
			files = (
			);
			runOnlyForDeploymentPostprocessing = 0;
		};
/* End PBXFrameworksBuildPhase section */

/* Begin PBXGroup section */
		CCC9BCAC1CDDBD05004E549E = {
			isa = PBXGroup;
			children = (
				CCC9BCB71CDDBD05004E549E /* Learning Base UIKit By Swift */,
				CCC9BCB61CDDBD05004E549E /* Products */,
			);
			sourceTree = "<group>";
		};
		CCC9BCB61CDDBD05004E549E /* Products */ = {
			isa = PBXGroup;
			children = (
				CCC9BCB51CDDBD05004E549E /* Learning Base UIKit By Swift.app */,
			);
			name = Products;
			sourceTree = "<group>";
		};
		CCC9BCB71CDDBD05004E549E /* Learning Base UIKit By Swift */ = {
			isa = PBXGroup;
			children = (
				CCC9BCB81CDDBD05004E549E /* AppDelegate.swift */,
				CCC9BCBA1CDDBD05004E549E /* ViewController.swift */,
				CCC9BCBC1CDDBD05004E549E /* Main.storyboard */,
				CCC9BCBF1CDDBD05004E549E /* Assets.xcassets */,
				CCC9BCC11CDDBD05004E549E /* LaunchScreen.storyboard */,
				CCC9BCC41CDDBD05004E549E /* Info.plist */,
				CCC9BCCA1CDDBE30004E549E /* UIAlertView-ViewController.swift */,
				CCC9BCD01CDDC692004E549E /* UIActionSheet-ViewController.swift */,
				CCC9BCD21CDDC7CD004E549E /* UIPickerView-ViewController.swift */,
				C536C0D81CE03088002AFE83 /* UIStepper-ViewController.swift */,
				C536C0DA1CE0369F002AFE83 /* UIScrollView-ViewController.swift */,
				C536C0DC1CE03A08002AFE83 /* UIScrollViewPage-ViewController.swift */,
				C536C0DE1CE0428E002AFE83 /* CoreMotion-ViewController.swift */,
				C536C0E01CE06991002AFE83 /* UIGestureRecognizer-ViewController.swift */,
				C536C0E21CE07596002AFE83 /* UIDatePicker-ViewController.swift */,
				C536C0E41CE08E0B002AFE83 /* UIDatePickerCountDown-ViewController.swift */,
				C549D25D1CE1BB3800BC7A5E /* UIWebView-ViewController.swift */,
				C549D25F1CE1C08400BC7A5E /* test.pdf */,
				C549D2611CE1C2EF00BC7A5E /* Browser-ViewController.swift */,
				C5A8EF8D1CE30C2600D6C02D /* Controls.plist */,
				C5A8EF8F1CE30C4E00D6C02D /* UITableView-ViewController.swift */,
				C5A8EF911CE3116400D6C02D /* UISearchBar-ViewController.swift */,
				C5A8EF931CE3174600D6C02D /* UISearchDisplayController-ViewController.swift */,
				C54F1EC61CE3225C00E84AAE /* UICollectionViewSimple-CollectionViewController.swift */,
				C54F1EC81CE32BBC00E84AAE /* UITabBar-ViewController.swift */,
				C54F1ECA1CE32E0300E84AAE /* UIPageControl-ViewController.swift */,
				C512AD7B1CE3335C00BE88C1 /* UIActivityView-ViewController.swift */,
				C50619581CE4356C002F6EAE /* OCView.h */,
				C50619591CE4356C002F6EAE /* OCView.m */,
				C50619571CE4356C002F6EAE /* Learning Base UIKit By Swift-Bridging-Header.h */,
				C506195B1CE435ED002F6EAE /* Objective-C-To-Swift-ViewController.swift */,
				C506195D1CE45436002F6EAE /* EventKit-ViewController.swift */,
				C506195F1CE45833002F6EAE /* UIAlertController-ViewController.swift */,
				C50619611CE45EF0002F6EAE /* NSJSONSerialization-ViewController.swift */,
				C50619631CE46206002F6EAE /* FactoryClass-ViewController.swift */,
				C50619651CE462F0002F6EAE /* Animation-ViewController.swift */,
				C50619671CE466B9002F6EAE /* NSUserDefaults-ViewController.swift */,
				C50619691CE4675E002F6EAE /* NSURL_ViewController.swift */,
				C506196B1CE47269002F6EAE /* UITouch_ViewController.swift */,
				C5A2088C1CF83048009B55DE /* UIActivityIndicatorView-ViewController.swift */,
				C5A2088E1CF83213009B55DE /* UINavigationBar-ViewController.swift */,
				C52AF80F1CFC192C0077E9A9 /* XIb-ViewController.swift */,
				C52AF8111CFC1A630077E9A9 /* XibDetailViewController.swift */,
				C52AF8121CFC1A630077E9A9 /* XibDetailViewController.xib */,
				C52AF8151CFC1C430077E9A9 /* NSURLConnectionAsyn-ViewController.swift */,
				C52AF8171CFC1CCA0077E9A9 /* HttpController.swift */,
				C52AF8191CFC21710077E9A9 /* WillDisplayCell-TableViewController.swift */,
				C52AF81B1CFC23370077E9A9 /* MediaPlayer-ViewController.swift */,
				C52AF81D1CFC34500077E9A9 /* StaticCells-TableViewController.swift */,
				C52AF81F1CFC38490077E9A9 /* UILocalNotification-ViewController.swift */,
				C5D806921CFEC233008219F5 /* TableViewEdit-ViewController.swift */,
				C5E697281CFEC68500BE39E5 /* TableHeaderAndFooterView_ViewController.swift */,
				C5E6972A1CFECD0E00BE39E5 /* UIImagePickerController-ViewController.swift */,
				C5E6972C1CFED1E900BE39E5 /* NSURLSession-ViewController.swift */,
				C5E6972E1CFEE0ED00BE39E5 /* DeviceDirection-ViewController.swift */,
				CC08088C1CFF314B00792179 /* Shake-ViewController.swift */,
				CC08088E1CFF39A800792179 /* CoreLocation-ViewController.swift */,
			);
			path = "Learning Base UIKit By Swift";
			sourceTree = "<group>";
		};
/* End PBXGroup section */

/* Begin PBXNativeTarget section */
		CCC9BCB41CDDBD05004E549E /* Learning Base UIKit By Swift */ = {
			isa = PBXNativeTarget;
			buildConfigurationList = CCC9BCC71CDDBD05004E549E /* Build configuration list for PBXNativeTarget "Learning Base UIKit By Swift" */;
			buildPhases = (
				CCC9BCB11CDDBD05004E549E /* Sources */,
				CCC9BCB21CDDBD05004E549E /* Frameworks */,
				CCC9BCB31CDDBD05004E549E /* Resources */,
			);
			buildRules = (
			);
			dependencies = (
			);
			name = "Learning Base UIKit By Swift";
			productName = "Learning Base UIKit By Swift";
			productReference = CCC9BCB51CDDBD05004E549E /* Learning Base UIKit By Swift.app */;
			productType = "com.apple.product-type.application";
		};
/* End PBXNativeTarget section */

/* Begin PBXProject section */
		CCC9BCAD1CDDBD05004E549E /* Project object */ = {
			isa = PBXProject;
			attributes = {
				LastSwiftUpdateCheck = 0730;
				LastUpgradeCheck = 0730;
				ORGANIZATIONNAME = "Shenme Studio";
				TargetAttributes = {
					CCC9BCB41CDDBD05004E549E = {
						CreatedOnToolsVersion = 7.3;
						DevelopmentTeam = 75NY53J2SN;
						SystemCapabilities = {
							com.apple.BackgroundModes = {
								enabled = 1;
							};
							com.apple.Maps.iOS = {
								enabled = 0;
							};
						};
					};
				};
			};
			buildConfigurationList = CCC9BCB01CDDBD05004E549E /* Build configuration list for PBXProject "Learning Base UIKit By Swift" */;
			compatibilityVersion = "Xcode 3.2";
			developmentRegion = English;
			hasScannedForEncodings = 0;
			knownRegions = (
				en,
				Base,
			);
			mainGroup = CCC9BCAC1CDDBD05004E549E;
			productRefGroup = CCC9BCB61CDDBD05004E549E /* Products */;
			projectDirPath = "";
			projectRoot = "";
			targets = (
				CCC9BCB41CDDBD05004E549E /* Learning Base UIKit By Swift */,
			);
		};
/* End PBXProject section */

/* Begin PBXResourcesBuildPhase section */
		CCC9BCB31CDDBD05004E549E /* Resources */ = {
			isa = PBXResourcesBuildPhase;
			buildActionMask = 2147483647;
			files = (
				C549D2601CE1C08400BC7A5E /* test.pdf in Resources */,
				CCC9BCC31CDDBD05004E549E /* LaunchScreen.storyboard in Resources */,
				C5A8EF8E1CE30C2600D6C02D /* Controls.plist in Resources */,
				C52AF8141CFC1A630077E9A9 /* XibDetailViewController.xib in Resources */,
				CCC9BCC01CDDBD05004E549E /* Assets.xcassets in Resources */,
				CCC9BCBE1CDDBD05004E549E /* Main.storyboard in Resources */,
			);
			runOnlyForDeploymentPostprocessing = 0;
		};
/* End PBXResourcesBuildPhase section */

/* Begin PBXSourcesBuildPhase section */
		CCC9BCB11CDDBD05004E549E /* Sources */ = {
			isa = PBXSourcesBuildPhase;
			buildActionMask = 2147483647;
			files = (
				C5A8EF921CE3116400D6C02D /* UISearchBar-ViewController.swift in Sources */,
				C549D25E1CE1BB3800BC7A5E /* UIWebView-ViewController.swift in Sources */,
				C50619601CE45833002F6EAE /* UIAlertController-ViewController.swift in Sources */,
				C512AD7C1CE3335C00BE88C1 /* UIActivityView-ViewController.swift in Sources */,
				C5E6972D1CFED1E900BE39E5 /* NSURLSession-ViewController.swift in Sources */,
				C536C0E51CE08E0B002AFE83 /* UIDatePickerCountDown-ViewController.swift in Sources */,
				C54F1EC91CE32BBC00E84AAE /* UITabBar-ViewController.swift in Sources */,
				C5E6972B1CFECD0E00BE39E5 /* UIImagePickerController-ViewController.swift in Sources */,
				C5E6972F1CFEE0ED00BE39E5 /* DeviceDirection-ViewController.swift in Sources */,
				C52AF8161CFC1C430077E9A9 /* NSURLConnectionAsyn-ViewController.swift in Sources */,
				C536C0E11CE06991002AFE83 /* UIGestureRecognizer-ViewController.swift in Sources */,
				C5A2088F1CF83213009B55DE /* UINavigationBar-ViewController.swift in Sources */,
				C52AF8181CFC1CCA0077E9A9 /* HttpController.swift in Sources */,
				C506195E1CE45436002F6EAE /* EventKit-ViewController.swift in Sources */,
				C50619681CE466B9002F6EAE /* NSUserDefaults-ViewController.swift in Sources */,
				C5D806931CFEC233008219F5 /* TableViewEdit-ViewController.swift in Sources */,
				C5A8EF941CE3174600D6C02D /* UISearchDisplayController-ViewController.swift in Sources */,
				C50619661CE462F0002F6EAE /* Animation-ViewController.swift in Sources */,
				C52AF81C1CFC23370077E9A9 /* MediaPlayer-ViewController.swift in Sources */,
				C52AF81E1CFC34500077E9A9 /* StaticCells-TableViewController.swift in Sources */,
				CCC9BCBB1CDDBD05004E549E /* ViewController.swift in Sources */,
				C536C0DD1CE03A08002AFE83 /* UIScrollViewPage-ViewController.swift in Sources */,
				C536C0DB1CE0369F002AFE83 /* UIScrollView-ViewController.swift in Sources */,
				CCC9BCCB1CDDBE30004E549E /* UIAlertView-ViewController.swift in Sources */,
				C506196C1CE47269002F6EAE /* UITouch_ViewController.swift in Sources */,
				CCC9BCD11CDDC692004E549E /* UIActionSheet-ViewController.swift in Sources */,
				C5E697291CFEC68500BE39E5 /* TableHeaderAndFooterView_ViewController.swift in Sources */,
				C5A8EF901CE30C4E00D6C02D /* UITableView-ViewController.swift in Sources */,
				C536C0E31CE07596002AFE83 /* UIDatePicker-ViewController.swift in Sources */,
				C506195A1CE4356C002F6EAE /* OCView.m in Sources */,
				CC08088F1CFF39A800792179 /* CoreLocation-ViewController.swift in Sources */,
				C54F1ECB1CE32E0300E84AAE /* UIPageControl-ViewController.swift in Sources */,
				C50619621CE45EF0002F6EAE /* NSJSONSerialization-ViewController.swift in Sources */,
				C5A2088D1CF83048009B55DE /* UIActivityIndicatorView-ViewController.swift in Sources */,
				CC08088D1CFF314B00792179 /* Shake-ViewController.swift in Sources */,
				C52AF81A1CFC21710077E9A9 /* WillDisplayCell-TableViewController.swift in Sources */,
				CCC9BCD31CDDC7CD004E549E /* UIPickerView-ViewController.swift in Sources */,
				C52AF8201CFC38490077E9A9 /* UILocalNotification-ViewController.swift in Sources */,
				C50619641CE46206002F6EAE /* FactoryClass-ViewController.swift in Sources */,
				C54F1EC71CE3225C00E84AAE /* UICollectionViewSimple-CollectionViewController.swift in Sources */,
				C536C0D91CE03088002AFE83 /* UIStepper-ViewController.swift in Sources */,
				C506196A1CE4675E002F6EAE /* NSURL_ViewController.swift in Sources */,
				C52AF8131CFC1A630077E9A9 /* XibDetailViewController.swift in Sources */,
				C536C0DF1CE0428E002AFE83 /* CoreMotion-ViewController.swift in Sources */,
				CCC9BCB91CDDBD05004E549E /* AppDelegate.swift in Sources */,
				C549D2621CE1C2EF00BC7A5E /* Browser-ViewController.swift in Sources */,
				C52AF8101CFC192C0077E9A9 /* XIb-ViewController.swift in Sources */,
				C506195C1CE435ED002F6EAE /* Objective-C-To-Swift-ViewController.swift in Sources */,
			);
			runOnlyForDeploymentPostprocessing = 0;
		};
/* End PBXSourcesBuildPhase section */

/* Begin PBXVariantGroup section */
		CCC9BCBC1CDDBD05004E549E /* Main.storyboard */ = {
			isa = PBXVariantGroup;
			children = (
				CCC9BCBD1CDDBD05004E549E /* Base */,
			);
			name = Main.storyboard;
			sourceTree = "<group>";
		};
		CCC9BCC11CDDBD05004E549E /* LaunchScreen.storyboard */ = {
			isa = PBXVariantGroup;
			children = (
				CCC9BCC21CDDBD05004E549E /* Base */,
			);
			name = LaunchScreen.storyboard;
			sourceTree = "<group>";
		};
/* End PBXVariantGroup section */

/* Begin XCBuildConfiguration section */
		CCC9BCC51CDDBD05004E549E /* Debug */ = {
			isa = XCBuildConfiguration;
			buildSettings = {
				ALWAYS_SEARCH_USER_PATHS = NO;
				CLANG_ANALYZER_NONNULL = YES;
				CLANG_CXX_LANGUAGE_STANDARD = "gnu++0x";
				CLANG_CXX_LIBRARY = "libc++";
				CLANG_ENABLE_MODULES = YES;
				CLANG_ENABLE_OBJC_ARC = YES;
				CLANG_WARN_BOOL_CONVERSION = YES;
				CLANG_WARN_CONSTANT_CONVERSION = YES;
				CLANG_WARN_DIRECT_OBJC_ISA_USAGE = YES_ERROR;
				CLANG_WARN_EMPTY_BODY = YES;
				CLANG_WARN_ENUM_CONVERSION = YES;
				CLANG_WARN_INT_CONVERSION = YES;
				CLANG_WARN_OBJC_ROOT_CLASS = YES_ERROR;
				CLANG_WARN_UNREACHABLE_CODE = YES;
				CLANG_WARN__DUPLICATE_METHOD_MATCH = YES;
				"CODE_SIGN_IDENTITY[sdk=iphoneos*]" = "iPhone Developer";
				COPY_PHASE_STRIP = NO;
				DEBUG_INFORMATION_FORMAT = dwarf;
				ENABLE_STRICT_OBJC_MSGSEND = YES;
				ENABLE_TESTABILITY = YES;
				GCC_C_LANGUAGE_STANDARD = gnu99;
				GCC_DYNAMIC_NO_PIC = NO;
				GCC_NO_COMMON_BLOCKS = YES;
				GCC_OPTIMIZATION_LEVEL = 0;
				GCC_PREPROCESSOR_DEFINITIONS = (
					"DEBUG=1",
					"$(inherited)",
				);
				GCC_WARN_64_TO_32_BIT_CONVERSION = YES;
				GCC_WARN_ABOUT_RETURN_TYPE = YES_ERROR;
				GCC_WARN_UNDECLARED_SELECTOR = YES;
				GCC_WARN_UNINITIALIZED_AUTOS = YES_AGGRESSIVE;
				GCC_WARN_UNUSED_FUNCTION = YES;
				GCC_WARN_UNUSED_VARIABLE = YES;
				IPHONEOS_DEPLOYMENT_TARGET = 9.2;
				MTL_ENABLE_DEBUG_INFO = YES;
				ONLY_ACTIVE_ARCH = YES;
				SDKROOT = iphoneos;
				SWIFT_OPTIMIZATION_LEVEL = "-Onone";
			};
			name = Debug;
		};
		CCC9BCC61CDDBD05004E549E /* Release */ = {
			isa = XCBuildConfiguration;
			buildSettings = {
				ALWAYS_SEARCH_USER_PATHS = NO;
				CLANG_ANALYZER_NONNULL = YES;
				CLANG_CXX_LANGUAGE_STANDARD = "gnu++0x";
				CLANG_CXX_LIBRARY = "libc++";
				CLANG_ENABLE_MODULES = YES;
				CLANG_ENABLE_OBJC_ARC = YES;
				CLANG_WARN_BOOL_CONVERSION = YES;
				CLANG_WARN_CONSTANT_CONVERSION = YES;
				CLANG_WARN_DIRECT_OBJC_ISA_USAGE = YES_ERROR;
				CLANG_WARN_EMPTY_BODY = YES;
				CLANG_WARN_ENUM_CONVERSION = YES;
				CLANG_WARN_INT_CONVERSION = YES;
				CLANG_WARN_OBJC_ROOT_CLASS = YES_ERROR;
				CLANG_WARN_UNREACHABLE_CODE = YES;
				CLANG_WARN__DUPLICATE_METHOD_MATCH = YES;
				"CODE_SIGN_IDENTITY[sdk=iphoneos*]" = "iPhone Developer";
				COPY_PHASE_STRIP = NO;
				DEBUG_INFORMATION_FORMAT = "dwarf-with-dsym";
				ENABLE_NS_ASSERTIONS = NO;
				ENABLE_STRICT_OBJC_MSGSEND = YES;
				GCC_C_LANGUAGE_STANDARD = gnu99;
				GCC_NO_COMMON_BLOCKS = YES;
				GCC_WARN_64_TO_32_BIT_CONVERSION = YES;
				GCC_WARN_ABOUT_RETURN_TYPE = YES_ERROR;
				GCC_WARN_UNDECLARED_SELECTOR = YES;
				GCC_WARN_UNINITIALIZED_AUTOS = YES_AGGRESSIVE;
				GCC_WARN_UNUSED_FUNCTION = YES;
				GCC_WARN_UNUSED_VARIABLE = YES;
				IPHONEOS_DEPLOYMENT_TARGET = 9.2;
				MTL_ENABLE_DEBUG_INFO = NO;
				SDKROOT = iphoneos;
				VALIDATE_PRODUCT = YES;
			};
			name = Release;
		};
		CCC9BCC81CDDBD05004E549E /* Debug */ = {
			isa = XCBuildConfiguration;
			buildSettings = {
				ASSETCATALOG_COMPILER_APPICON_NAME = AppIcon;
				CLANG_ENABLE_MODULES = YES;
				CODE_SIGN_IDENTITY = "iPhone Developer";
				"CODE_SIGN_IDENTITY[sdk=iphoneos*]" = "iPhone Developer";
				EMBEDDED_CONTENT_CONTAINS_SWIFT = YES;
				INFOPLIST_FILE = "Learning Base UIKit By Swift/Info.plist";
				IPHONEOS_DEPLOYMENT_TARGET = 8.0;
				LD_RUNPATH_SEARCH_PATHS = "$(inherited) @executable_path/Frameworks";
				PRODUCT_BUNDLE_IDENTIFIER = "com.shenmestudio.Learning-Base-UIKit-By-Swift";
				PRODUCT_NAME = "$(TARGET_NAME)";
				PROVISIONING_PROFILE = "";
				SWIFT_OBJC_BRIDGING_HEADER = "Learning Base UIKit By Swift/Learning Base UIKit By Swift-Bridging-Header.h";
				SWIFT_OPTIMIZATION_LEVEL = "-Onone";
			};
			name = Debug;
		};
		CCC9BCC91CDDBD05004E549E /* Release */ = {
			isa = XCBuildConfiguration;
			buildSettings = {
				ASSETCATALOG_COMPILER_APPICON_NAME = AppIcon;
				CLANG_ENABLE_MODULES = YES;
				CODE_SIGN_IDENTITY = "iPhone Developer";
				"CODE_SIGN_IDENTITY[sdk=iphoneos*]" = "iPhone Developer";
				EMBEDDED_CONTENT_CONTAINS_SWIFT = YES;
				INFOPLIST_FILE = "Learning Base UIKit By Swift/Info.plist";
				IPHONEOS_DEPLOYMENT_TARGET = 8.0;
				LD_RUNPATH_SEARCH_PATHS = "$(inherited) @executable_path/Frameworks";
				PRODUCT_BUNDLE_IDENTIFIER = "com.shenmestudio.Learning-Base-UIKit-By-Swift";
				PRODUCT_NAME = "$(TARGET_NAME)";
				PROVISIONING_PROFILE = "";
				SWIFT_OBJC_BRIDGING_HEADER = "Learning Base UIKit By Swift/Learning Base UIKit By Swift-Bridging-Header.h";
			};
			name = Release;
		};
/* End XCBuildConfiguration section */

/* Begin XCConfigurationList section */
		CCC9BCB01CDDBD05004E549E /* Build configuration list for PBXProject "Learning Base UIKit By Swift" */ = {
			isa = XCConfigurationList;
			buildConfigurations = (
				CCC9BCC51CDDBD05004E549E /* Debug */,
				CCC9BCC61CDDBD05004E549E /* Release */,
			);
			defaultConfigurationIsVisible = 0;
			defaultConfigurationName = Release;
		};
		CCC9BCC71CDDBD05004E549E /* Build configuration list for PBXNativeTarget "Learning Base UIKit By Swift" */ = {
			isa = XCConfigurationList;
			buildConfigurations = (
				CCC9BCC81CDDBD05004E549E /* Debug */,
				CCC9BCC91CDDBD05004E549E /* Release */,
			);
			defaultConfigurationIsVisible = 0;
			defaultConfigurationName = Release;
		};
/* End XCConfigurationList section */
	};
	rootObject = CCC9BCAD1CDDBD05004E549E /* Project object */;
}
